PODS:
  - AVOSCloud (3.1.2.7)
  - AVOSCloudIM (3.1.2.7):
    - AVOSCloud
  - SnapKit (0.12.0)

DEPENDENCIES:
  - AVOSCloud
  - AVOSCloudIM
  - SnapKit (~> 0.12.0)

SPEC CHECKSUMS:
  AVOSCloud: cf652452948681193fb9d2ca493939d0ada87ecb
  AVOSCloudIM: 2f74b6da785c7f987762227dec8f36178d3976e5
  SnapKit: 00c388aa3bf1944c1b55472f31e841f75bd83882

COCOAPODS: 0.37.2
