// !$*UTF8*$!
{
	archiveVersion = 1;
	classes = {
	};
	objectVersion = 46;
	objects = {

/* Begin PBXBuildFile section */
		9DB344880333ED89BC80F995 /* libPods-FYIM.a in Frameworks */ = {isa = PBXBuildFile; fileRef = AD00C1D3823B5347BEA87F0F /* libPods-FYIM.a */; };
		B2A81ED71B592A68002265E0 /* AppDelegate.swift in Sources */ = {isa = PBXBuildFile; fileRef = B2A81ED61B592A68002265E0 /* AppDelegate.swift */; };
		B2A81EDC1B592A68002265E0 /* Main.storyboard in Resources */ = {isa = PBXBuildFile; fileRef = B2A81EDA1B592A68002265E0 /* Main.storyboard */; };
		B2A81EDE1B592A68002265E0 /* Images.xcassets in Resources */ = {isa = PBXBuildFile; fileRef = B2A81EDD1B592A68002265E0 /* Images.xcassets */; };
		B2A81EE11B592A68002265E0 /* LaunchScreen.xib in Resources */ = {isa = PBXBuildFile; fileRef = B2A81EDF1B592A68002265E0 /* LaunchScreen.xib */; };
		B2A81EED1B592A68002265E0 /* FYIMTests.swift in Sources */ = {isa = PBXBuildFile; fileRef = B2A81EEC1B592A68002265E0 /* FYIMTests.swift */; };
		B2CF096A1B5A417300BFEE6A /* XHMessageBubbleFactory.m in Sources */ = {isa = PBXBuildFile; fileRef = B2CF09691B5A417300BFEE6A /* XHMessageBubbleFactory.m */; };
		B2FFF48E1B5A2D2500E9663A /* ChatViewController.swift in Sources */ = {isa = PBXBuildFile; fileRef = B2FFF4881B5A2D2500E9663A /* ChatViewController.swift */; };
		B2FFF48F1B5A2D2500E9663A /* MainTableViewController.swift in Sources */ = {isa = PBXBuildFile; fileRef = B2FFF4891B5A2D2500E9663A /* MainTableViewController.swift */; };
		B2FFF4911B5A2D2500E9663A /* MainTableViewCell.swift in Sources */ = {isa = PBXBuildFile; fileRef = B2FFF48D1B5A2D2500E9663A /* MainTableViewCell.swift */; };
		B2FFF4931B5A36E200E9663A /* MessageBaseTableViewCell.swift in Sources */ = {isa = PBXBuildFile; fileRef = B2FFF4921B5A36E200E9663A /* MessageBaseTableViewCell.swift */; };
		B2FFF4951B5A37B300E9663A /* MessageBubbleView.swift in Sources */ = {isa = PBXBuildFile; fileRef = B2FFF4941B5A37B300E9663A /* MessageBubbleView.swift */; };
		B2FFF4A41B5A3A6700E9663A /* XHAnnotation.m in Sources */ = {isa = PBXBuildFile; fileRef = B2FFF49A1B5A3A6700E9663A /* XHAnnotation.m */; };
		B2FFF4A51B5A3A6700E9663A /* XHEmotion.m in Sources */ = {isa = PBXBuildFile; fileRef = B2FFF49C1B5A3A6700E9663A /* XHEmotion.m */; };
		B2FFF4A61B5A3A6700E9663A /* XHEmotionManager.m in Sources */ = {isa = PBXBuildFile; fileRef = B2FFF49E1B5A3A6700E9663A /* XHEmotionManager.m */; };
		B2FFF4A71B5A3A6700E9663A /* XHMessage.m in Sources */ = {isa = PBXBuildFile; fileRef = B2FFF4A01B5A3A6700E9663A /* XHMessage.m */; };
		B2FFF4A81B5A3A6700E9663A /* XHShareMenuItem.m in Sources */ = {isa = PBXBuildFile; fileRef = B2FFF4A31B5A3A6700E9663A /* XHShareMenuItem.m */; };
/* End PBXBuildFile section */

/* Begin PBXContainerItemProxy section */
		B2A81EE71B592A68002265E0 /* PBXContainerItemProxy */ = {
			isa = PBXContainerItemProxy;
			containerPortal = B2A81EC91B592A68002265E0 /* Project object */;
			proxyType = 1;
			remoteGlobalIDString = B2A81ED01B592A68002265E0;
			remoteInfo = FYIM;
		};
/* End PBXContainerItemProxy section */

/* Begin PBXFileReference section */
		3017EA858207A59CAC7AFE9E /* Pods-FYIM.release.xcconfig */ = {isa = PBXFileReference; includeInIndex = 1; lastKnownFileType = text.xcconfig; name = "Pods-FYIM.release.xcconfig"; path = "Pods/Target Support Files/Pods-FYIM/Pods-FYIM.release.xcconfig"; sourceTree = "<group>"; };
		30E8446EB1CCEF9E83029A6A /* Pods-FYIM.debug.xcconfig */ = {isa = PBXFileReference; includeInIndex = 1; lastKnownFileType = text.xcconfig; name = "Pods-FYIM.debug.xcconfig"; path = "Pods/Target Support Files/Pods-FYIM/Pods-FYIM.debug.xcconfig"; sourceTree = "<group>"; };
		AD00C1D3823B5347BEA87F0F /* libPods-FYIM.a */ = {isa = PBXFileReference; explicitFileType = archive.ar; includeInIndex = 0; path = "libPods-FYIM.a"; sourceTree = BUILT_PRODUCTS_DIR; };
		B2A81ED11B592A68002265E0 /* FYIM.app */ = {isa = PBXFileReference; explicitFileType = wrapper.application; includeInIndex = 0; path = FYIM.app; sourceTree = BUILT_PRODUCTS_DIR; };
		B2A81ED51B592A68002265E0 /* Info.plist */ = {isa = PBXFileReference; lastKnownFileType = text.plist.xml; path = Info.plist; sourceTree = "<group>"; };
		B2A81ED61B592A68002265E0 /* AppDelegate.swift */ = {isa = PBXFileReference; lastKnownFileType = sourcecode.swift; path = AppDelegate.swift; sourceTree = "<group>"; };
		B2A81EDB1B592A68002265E0 /* Base */ = {isa = PBXFileReference; lastKnownFileType = file.storyboard; name = Base; path = Base.lproj/Main.storyboard; sourceTree = "<group>"; };
		B2A81EDD1B592A68002265E0 /* Images.xcassets */ = {isa = PBXFileReference; lastKnownFileType = folder.assetcatalog; name = Images.xcassets; path = ../../../Images.xcassets; sourceTree = "<group>"; };
		B2A81EE01B592A68002265E0 /* Base */ = {isa = PBXFileReference; lastKnownFileType = file.xib; name = Base; path = Base.lproj/LaunchScreen.xib; sourceTree = "<group>"; };
		B2A81EE61B592A68002265E0 /* FYIMTests.xctest */ = {isa = PBXFileReference; explicitFileType = wrapper.cfbundle; includeInIndex = 0; path = FYIMTests.xctest; sourceTree = BUILT_PRODUCTS_DIR; };
		B2A81EEB1B592A68002265E0 /* Info.plist */ = {isa = PBXFileReference; lastKnownFileType = text.plist.xml; path = Info.plist; sourceTree = "<group>"; };
		B2A81EEC1B592A68002265E0 /* FYIMTests.swift */ = {isa = PBXFileReference; lastKnownFileType = sourcecode.swift; path = FYIMTests.swift; sourceTree = "<group>"; };
		B2CF09681B5A417300BFEE6A /* XHMessageBubbleFactory.h */ = {isa = PBXFileReference; fileEncoding = 4; lastKnownFileType = sourcecode.c.h; path = XHMessageBubbleFactory.h; sourceTree = "<group>"; };
		B2CF09691B5A417300BFEE6A /* XHMessageBubbleFactory.m */ = {isa = PBXFileReference; fileEncoding = 4; lastKnownFileType = sourcecode.c.objc; path = XHMessageBubbleFactory.m; sourceTree = "<group>"; };
		B2CF096B1B5A41D800BFEE6A /* XHMacro.h */ = {isa = PBXFileReference; lastKnownFileType = sourcecode.c.h; path = XHMacro.h; sourceTree = "<group>"; };
		B2CF096C1B5A420500BFEE6A /* XHFoundationMacro.h */ = {isa = PBXFileReference; lastKnownFileType = sourcecode.c.h; path = XHFoundationMacro.h; sourceTree = "<group>"; };
		B2CF096D1B5A421A00BFEE6A /* XHUIKitMacro.h */ = {isa = PBXFileReference; lastKnownFileType = sourcecode.c.h; path = XHUIKitMacro.h; sourceTree = "<group>"; };
		B2FFF4881B5A2D2500E9663A /* ChatViewController.swift */ = {isa = PBXFileReference; fileEncoding = 4; lastKnownFileType = sourcecode.swift; path = ChatViewController.swift; sourceTree = "<group>"; };
		B2FFF4891B5A2D2500E9663A /* MainTableViewController.swift */ = {isa = PBXFileReference; fileEncoding = 4; lastKnownFileType = sourcecode.swift; path = MainTableViewController.swift; sourceTree = "<group>"; };
		B2FFF48D1B5A2D2500E9663A /* MainTableViewCell.swift */ = {isa = PBXFileReference; fileEncoding = 4; lastKnownFileType = sourcecode.swift; name = MainTableViewCell.swift; path = ../View/MainTableViewCell.swift; sourceTree = "<group>"; };
		B2FFF4921B5A36E200E9663A /* MessageBaseTableViewCell.swift */ = {isa = PBXFileReference; fileEncoding = 4; lastKnownFileType = sourcecode.swift; name = MessageBaseTableViewCell.swift; path = ../View/MessageBaseTableViewCell.swift; sourceTree = "<group>"; };
		B2FFF4941B5A37B300E9663A /* MessageBubbleView.swift */ = {isa = PBXFileReference; fileEncoding = 4; lastKnownFileType = sourcecode.swift; name = MessageBubbleView.swift; path = ../View/MessageBubbleView.swift; sourceTree = "<group>"; };
		B2FFF4981B5A3A6600E9663A /* FYIM-Bridging-Header.h */ = {isa = PBXFileReference; lastKnownFileType = sourcecode.c.h; path = "FYIM-Bridging-Header.h"; sourceTree = "<group>"; };
		B2FFF4991B5A3A6700E9663A /* XHAnnotation.h */ = {isa = PBXFileReference; fileEncoding = 4; lastKnownFileType = sourcecode.c.h; path = XHAnnotation.h; sourceTree = "<group>"; };
		B2FFF49A1B5A3A6700E9663A /* XHAnnotation.m */ = {isa = PBXFileReference; fileEncoding = 4; lastKnownFileType = sourcecode.c.objc; path = XHAnnotation.m; sourceTree = "<group>"; };
		B2FFF49B1B5A3A6700E9663A /* XHEmotion.h */ = {isa = PBXFileReference; fileEncoding = 4; lastKnownFileType = sourcecode.c.h; path = XHEmotion.h; sourceTree = "<group>"; };
		B2FFF49C1B5A3A6700E9663A /* XHEmotion.m */ = {isa = PBXFileReference; fileEncoding = 4; lastKnownFileType = sourcecode.c.objc; path = XHEmotion.m; sourceTree = "<group>"; };
		B2FFF49D1B5A3A6700E9663A /* XHEmotionManager.h */ = {isa = PBXFileReference; fileEncoding = 4; lastKnownFileType = sourcecode.c.h; path = XHEmotionManager.h; sourceTree = "<group>"; };
		B2FFF49E1B5A3A6700E9663A /* XHEmotionManager.m */ = {isa = PBXFileReference; fileEncoding = 4; lastKnownFileType = sourcecode.c.objc; path = XHEmotionManager.m; sourceTree = "<group>"; };
		B2FFF49F1B5A3A6700E9663A /* XHMessage.h */ = {isa = PBXFileReference; fileEncoding = 4; lastKnownFileType = sourcecode.c.h; path = XHMessage.h; sourceTree = "<group>"; };
		B2FFF4A01B5A3A6700E9663A /* XHMessage.m */ = {isa = PBXFileReference; fileEncoding = 4; lastKnownFileType = sourcecode.c.objc; path = XHMessage.m; sourceTree = "<group>"; };
		B2FFF4A11B5A3A6700E9663A /* XHMessageModel.h */ = {isa = PBXFileReference; fileEncoding = 4; lastKnownFileType = sourcecode.c.h; path = XHMessageModel.h; sourceTree = "<group>"; };
		B2FFF4A21B5A3A6700E9663A /* XHShareMenuItem.h */ = {isa = PBXFileReference; fileEncoding = 4; lastKnownFileType = sourcecode.c.h; path = XHShareMenuItem.h; sourceTree = "<group>"; };
		B2FFF4A31B5A3A6700E9663A /* XHShareMenuItem.m */ = {isa = PBXFileReference; fileEncoding = 4; lastKnownFileType = sourcecode.c.objc; path = XHShareMenuItem.m; sourceTree = "<group>"; };
/* End PBXFileReference section */

/* Begin PBXFrameworksBuildPhase section */
		B2A81ECE1B592A68002265E0 /* Frameworks */ = {
			isa = PBXFrameworksBuildPhase;
			buildActionMask = 2147483647;
			files = (
				9DB344880333ED89BC80F995 /* libPods-FYIM.a in Frameworks */,
			);
			runOnlyForDeploymentPostprocessing = 0;
		};
		B2A81EE31B592A68002265E0 /* Frameworks */ = {
			isa = PBXFrameworksBuildPhase;
			buildActionMask = 2147483647;
			files = (
			);
			runOnlyForDeploymentPostprocessing = 0;
		};
/* End PBXFrameworksBuildPhase section */

/* Begin PBXGroup section */
		2E7B900D01CD7813C44FBAF3 /* Frameworks */ = {
			isa = PBXGroup;
			children = (
				AD00C1D3823B5347BEA87F0F /* libPods-FYIM.a */,
			);
			name = Frameworks;
			sourceTree = "<group>";
		};
		B2A81EC81B592A68002265E0 = {
			isa = PBXGroup;
			children = (
				B2A81ED31B592A68002265E0 /* FYIM */,
				B2A81EE91B592A68002265E0 /* FYIMTests */,
				B2A81ED21B592A68002265E0 /* Products */,
				F3EF4E76E00389980ED51B14 /* Pods */,
				2E7B900D01CD7813C44FBAF3 /* Frameworks */,
			);
			sourceTree = "<group>";
		};
		B2A81ED21B592A68002265E0 /* Products */ = {
			isa = PBXGroup;
			children = (
				B2A81ED11B592A68002265E0 /* FYIM.app */,
				B2A81EE61B592A68002265E0 /* FYIMTests.xctest */,
			);
			name = Products;
			sourceTree = "<group>";
		};
		B2A81ED31B592A68002265E0 /* FYIM */ = {
			isa = PBXGroup;
			children = (
				B2A81EF61B5931ED002265E0 /* Module */,
				B2A81ED41B592A68002265E0 /* Supporting Files */,
			);
			path = FYIM;
			sourceTree = "<group>";
		};
		B2A81ED41B592A68002265E0 /* Supporting Files */ = {
			isa = PBXGroup;
			children = (
				B2A81ED61B592A68002265E0 /* AppDelegate.swift */,
				B2A81EDF1B592A68002265E0 /* LaunchScreen.xib */,
				B2A81ED51B592A68002265E0 /* Info.plist */,
			);
			name = "Supporting Files";
			sourceTree = "<group>";
		};
		B2A81EE91B592A68002265E0 /* FYIMTests */ = {
			isa = PBXGroup;
			children = (
				B2A81EEC1B592A68002265E0 /* FYIMTests.swift */,
				B2A81EEA1B592A68002265E0 /* Supporting Files */,
			);
			path = FYIMTests;
			sourceTree = "<group>";
		};
		B2A81EEA1B592A68002265E0 /* Supporting Files */ = {
			isa = PBXGroup;
			children = (
				B2A81EEB1B592A68002265E0 /* Info.plist */,
			);
			name = "Supporting Files";
			sourceTree = "<group>";
		};
		B2A81EF61B5931ED002265E0 /* Module */ = {
			isa = PBXGroup;
			children = (
				B2FFF4831B5A2D2500E9663A /* Contact */,
				B2FFF4841B5A2D2500E9663A /* Discover */,
				B2FFF4851B5A2D2500E9663A /* Me */,
				B2FFF4861B5A2D2500E9663A /* Message */,
			);
			path = Module;
			sourceTree = "<group>";
		};
		B2FFF4831B5A2D2500E9663A /* Contact */ = {
			isa = PBXGroup;
			children = (
			);
			path = Contact;
			sourceTree = "<group>";
		};
		B2FFF4841B5A2D2500E9663A /* Discover */ = {
			isa = PBXGroup;
			children = (
			);
			path = Discover;
			sourceTree = "<group>";
		};
		B2FFF4851B5A2D2500E9663A /* Me */ = {
			isa = PBXGroup;
			children = (
			);
			path = Me;
			sourceTree = "<group>";
		};
		B2FFF4861B5A2D2500E9663A /* Message */ = {
			isa = PBXGroup;
			children = (
				B2FFF4A91B5A3B9C00E9663A /* Factory */,
				B2FFF4871B5A2D2500E9663A /* Controller */,
				B2FFF48B1B5A2D2500E9663A /* View */,
			);
			path = Message;
			sourceTree = "<group>";
		};
		B2FFF4871B5A2D2500E9663A /* Controller */ = {
			isa = PBXGroup;
			children = (
				B2FFF4881B5A2D2500E9663A /* ChatViewController.swift */,
				B2FFF4891B5A2D2500E9663A /* MainTableViewController.swift */,
				B2FFF48A1B5A2D2500E9663A /* Model */,
				B2FFF4921B5A36E200E9663A /* MessageBaseTableViewCell.swift */,
				B2FFF48D1B5A2D2500E9663A /* MainTableViewCell.swift */,
				B2FFF4941B5A37B300E9663A /* MessageBubbleView.swift */,
				B2A81EDA1B592A68002265E0 /* Main.storyboard */,
				B2A81EDD1B592A68002265E0 /* Images.xcassets */,
			);
			path = Controller;
			sourceTree = "<group>";
		};
		B2FFF48A1B5A2D2500E9663A /* Model */ = {
			isa = PBXGroup;
			children = (
				B2FFF4991B5A3A6700E9663A /* XHAnnotation.h */,
				B2FFF49A1B5A3A6700E9663A /* XHAnnotation.m */,
				B2FFF49B1B5A3A6700E9663A /* XHEmotion.h */,
				B2FFF49C1B5A3A6700E9663A /* XHEmotion.m */,
				B2FFF49D1B5A3A6700E9663A /* XHEmotionManager.h */,
				B2FFF49E1B5A3A6700E9663A /* XHEmotionManager.m */,
				B2FFF49F1B5A3A6700E9663A /* XHMessage.h */,
				B2FFF4A01B5A3A6700E9663A /* XHMessage.m */,
				B2FFF4A11B5A3A6700E9663A /* XHMessageModel.h */,
				B2FFF4A21B5A3A6700E9663A /* XHShareMenuItem.h */,
				B2FFF4A31B5A3A6700E9663A /* XHShareMenuItem.m */,
				B2FFF4981B5A3A6600E9663A /* FYIM-Bridging-Header.h */,
			);
			name = Model;
			path = ../Model;
			sourceTree = "<group>";
		};
		B2FFF48B1B5A2D2500E9663A /* View */ = {
			isa = PBXGroup;
			children = (
			);
			path = View;
			sourceTree = "<group>";
		};
		B2FFF4A91B5A3B9C00E9663A /* Factory */ = {
			isa = PBXGroup;
			children = (
				B2CF096B1B5A41D800BFEE6A /* XHMacro.h */,
				B2CF096D1B5A421A00BFEE6A /* XHUIKitMacro.h */,
				B2CF096C1B5A420500BFEE6A /* XHFoundationMacro.h */,
				B2CF09681B5A417300BFEE6A /* XHMessageBubbleFactory.h */,
				B2CF09691B5A417300BFEE6A /* XHMessageBubbleFactory.m */,
			);
			path = Factory;
			sourceTree = "<group>";
		};
		F3EF4E76E00389980ED51B14 /* Pods */ = {
			isa = PBXGroup;
			children = (
				30E8446EB1CCEF9E83029A6A /* Pods-FYIM.debug.xcconfig */,
				3017EA858207A59CAC7AFE9E /* Pods-FYIM.release.xcconfig */,
			);
			name = Pods;
			sourceTree = "<group>";
		};
/* End PBXGroup section */

/* Begin PBXNativeTarget section */
		B2A81ED01B592A68002265E0 /* FYIM */ = {
			isa = PBXNativeTarget;
			buildConfigurationList = B2A81EF01B592A68002265E0 /* Build configuration list for PBXNativeTarget "FYIM" */;
			buildPhases = (
				661183EF417B40C1ED9CD989 /* Check Pods Manifest.lock */,
				B2A81ECD1B592A68002265E0 /* Sources */,
				B2A81ECE1B592A68002265E0 /* Frameworks */,
				B2A81ECF1B592A68002265E0 /* Resources */,
				0BF6B5C318E4BF37A11EB0A7 /* Copy Pods Resources */,
			);
			buildRules = (
			);
			dependencies = (
			);
			name = FYIM;
			productName = FYIM;
			productReference = B2A81ED11B592A68002265E0 /* FYIM.app */;
			productType = "com.apple.product-type.application";
		};
		B2A81EE51B592A68002265E0 /* FYIMTests */ = {
			isa = PBXNativeTarget;
			buildConfigurationList = B2A81EF31B592A68002265E0 /* Build configuration list for PBXNativeTarget "FYIMTests" */;
			buildPhases = (
				B2A81EE21B592A68002265E0 /* Sources */,
				B2A81EE31B592A68002265E0 /* Frameworks */,
				B2A81EE41B592A68002265E0 /* Resources */,
			);
			buildRules = (
			);
			dependencies = (
				B2A81EE81B592A68002265E0 /* PBXTargetDependency */,
			);
			name = FYIMTests;
			productName = FYIMTests;
			productReference = B2A81EE61B592A68002265E0 /* FYIMTests.xctest */;
			productType = "com.apple.product-type.bundle.unit-test";
		};
/* End PBXNativeTarget section */

/* Begin PBXProject section */
		B2A81EC91B592A68002265E0 /* Project object */ = {
			isa = PBXProject;
			attributes = {
				LastUpgradeCheck = 0640;
				ORGANIZATIONNAME = childrenOurFuture;
				TargetAttributes = {
					B2A81ED01B592A68002265E0 = {
						CreatedOnToolsVersion = 6.4;
					};
					B2A81EE51B592A68002265E0 = {
						CreatedOnToolsVersion = 6.4;
						TestTargetID = B2A81ED01B592A68002265E0;
					};
				};
			};
			buildConfigurationList = B2A81ECC1B592A68002265E0 /* Build configuration list for PBXProject "FYIM" */;
			compatibilityVersion = "Xcode 3.2";
			developmentRegion = English;
			hasScannedForEncodings = 0;
			knownRegions = (
				en,
				Base,
			);
			mainGroup = B2A81EC81B592A68002265E0;
			productRefGroup = B2A81ED21B592A68002265E0 /* Products */;
			projectDirPath = "";
			projectRoot = "";
			targets = (
				B2A81ED01B592A68002265E0 /* FYIM */,
				B2A81EE51B592A68002265E0 /* FYIMTests */,
			);
		};
/* End PBXProject section */

/* Begin PBXResourcesBuildPhase section */
		B2A81ECF1B592A68002265E0 /* Resources */ = {
			isa = PBXResourcesBuildPhase;
			buildActionMask = 2147483647;
			files = (
				B2A81EDC1B592A68002265E0 /* Main.storyboard in Resources */,
				B2A81EE11B592A68002265E0 /* LaunchScreen.xib in Resources */,
				B2A81EDE1B592A68002265E0 /* Images.xcassets in Resources */,
			);
			runOnlyForDeploymentPostprocessing = 0;
		};
		B2A81EE41B592A68002265E0 /* Resources */ = {
			isa = PBXResourcesBuildPhase;
			buildActionMask = 2147483647;
			files = (
			);
			runOnlyForDeploymentPostprocessing = 0;
		};
/* End PBXResourcesBuildPhase section */

/* Begin PBXShellScriptBuildPhase section */
		0BF6B5C318E4BF37A11EB0A7 /* Copy Pods Resources */ = {
			isa = PBXShellScriptBuildPhase;
			buildActionMask = 2147483647;
			files = (
			);
			inputPaths = (
			);
			name = "Copy Pods Resources";
			outputPaths = (
			);
			runOnlyForDeploymentPostprocessing = 0;
			shellPath = /bin/sh;
			shellScript = "\"${SRCROOT}/Pods/Target Support Files/Pods-FYIM/Pods-FYIM-resources.sh\"\n";
			showEnvVarsInLog = 0;
		};
		661183EF417B40C1ED9CD989 /* Check Pods Manifest.lock */ = {
			isa = PBXShellScriptBuildPhase;
			buildActionMask = 2147483647;
			files = (
			);
			inputPaths = (
			);
			name = "Check Pods Manifest.lock";
			outputPaths = (
			);
			runOnlyForDeploymentPostprocessing = 0;
			shellPath = /bin/sh;
			shellScript = "diff \"${PODS_ROOT}/../Podfile.lock\" \"${PODS_ROOT}/Manifest.lock\" > /dev/null\nif [[ $? != 0 ]] ; then\n    cat << EOM\nerror: The sandbox is not in sync with the Podfile.lock. Run 'pod install' or update your CocoaPods installation.\nEOM\n    exit 1\nfi\n";
			showEnvVarsInLog = 0;
		};
/* End PBXShellScriptBuildPhase section */

/* Begin PBXSourcesBuildPhase section */
		B2A81ECD1B592A68002265E0 /* Sources */ = {
			isa = PBXSourcesBuildPhase;
			buildActionMask = 2147483647;
			files = (
				B2FFF48E1B5A2D2500E9663A /* ChatViewController.swift in Sources */,
				B2FFF48F1B5A2D2500E9663A /* MainTableViewController.swift in Sources */,
				B2FFF4951B5A37B300E9663A /* MessageBubbleView.swift in Sources */,
				B2FFF4A81B5A3A6700E9663A /* XHShareMenuItem.m in Sources */,
				B2CF096A1B5A417300BFEE6A /* XHMessageBubbleFactory.m in Sources */,
				B2FFF4A61B5A3A6700E9663A /* XHEmotionManager.m in Sources */,
				B2FFF4A51B5A3A6700E9663A /* XHEmotion.m in Sources */,
				B2FFF4931B5A36E200E9663A /* MessageBaseTableViewCell.swift in Sources */,
				B2FFF4A41B5A3A6700E9663A /* XHAnnotation.m in Sources */,
				B2A81ED71B592A68002265E0 /* AppDelegate.swift in Sources */,
				B2FFF4911B5A2D2500E9663A /* MainTableViewCell.swift in Sources */,
				B2FFF4A71B5A3A6700E9663A /* XHMessage.m in Sources */,
			);
			runOnlyForDeploymentPostprocessing = 0;
		};
		B2A81EE21B592A68002265E0 /* Sources */ = {
			isa = PBXSourcesBuildPhase;
			buildActionMask = 2147483647;
			files = (
				B2A81EED1B592A68002265E0 /* FYIMTests.swift in Sources */,
			);
			runOnlyForDeploymentPostprocessing = 0;
		};
/* End PBXSourcesBuildPhase section */

/* Begin PBXTargetDependency section */
		B2A81EE81B592A68002265E0 /* PBXTargetDependency */ = {
			isa = PBXTargetDependency;
			target = B2A81ED01B592A68002265E0 /* FYIM */;
			targetProxy = B2A81EE71B592A68002265E0 /* PBXContainerItemProxy */;
		};
/* End PBXTargetDependency section */

/* Begin PBXVariantGroup section */
		B2A81EDA1B592A68002265E0 /* Main.storyboard */ = {
			isa = PBXVariantGroup;
			children = (
				B2A81EDB1B592A68002265E0 /* Base */,
			);
			name = Main.storyboard;
			path = ../../..;
			sourceTree = "<group>";
		};
		B2A81EDF1B592A68002265E0 /* LaunchScreen.xib */ = {
			isa = PBXVariantGroup;
			children = (
				B2A81EE01B592A68002265E0 /* Base */,
			);
			name = LaunchScreen.xib;
			sourceTree = "<group>";
		};
/* End PBXVariantGroup section */

/* Begin XCBuildConfiguration section */
		B2A81EEE1B592A68002265E0 /* Debug */ = {
			isa = XCBuildConfiguration;
			buildSettings = {
				ALWAYS_SEARCH_USER_PATHS = NO;
				CLANG_CXX_LANGUAGE_STANDARD = "gnu++0x";
				CLANG_CXX_LIBRARY = "libc++";
				CLANG_ENABLE_MODULES = YES;
				CLANG_ENABLE_OBJC_ARC = YES;
				CLANG_WARN_BOOL_CONVERSION = YES;
				CLANG_WARN_CONSTANT_CONVERSION = YES;
				CLANG_WARN_DIRECT_OBJC_ISA_USAGE = YES_ERROR;
				CLANG_WARN_EMPTY_BODY = YES;
				CLANG_WARN_ENUM_CONVERSION = YES;
				CLANG_WARN_INT_CONVERSION = YES;
				CLANG_WARN_OBJC_ROOT_CLASS = YES_ERROR;
				CLANG_WARN_UNREACHABLE_CODE = YES;
				CLANG_WARN__DUPLICATE_METHOD_MATCH = YES;
				"CODE_SIGN_IDENTITY[sdk=iphoneos*]" = "iPhone Developer";
				COPY_PHASE_STRIP = NO;
				DEBUG_INFORMATION_FORMAT = "dwarf-with-dsym";
				ENABLE_STRICT_OBJC_MSGSEND = YES;
				GCC_C_LANGUAGE_STANDARD = gnu99;
				GCC_DYNAMIC_NO_PIC = NO;
				GCC_NO_COMMON_BLOCKS = YES;
				GCC_OPTIMIZATION_LEVEL = 0;
				GCC_PREPROCESSOR_DEFINITIONS = (
					"DEBUG=1",
					"$(inherited)",
				);
				GCC_SYMBOLS_PRIVATE_EXTERN = NO;
				GCC_WARN_64_TO_32_BIT_CONVERSION = YES;
				GCC_WARN_ABOUT_RETURN_TYPE = YES_ERROR;
				GCC_WARN_UNDECLARED_SELECTOR = YES;
				GCC_WARN_UNINITIALIZED_AUTOS = YES_AGGRESSIVE;
				GCC_WARN_UNUSED_FUNCTION = YES;
				GCC_WARN_UNUSED_VARIABLE = YES;
				IPHONEOS_DEPLOYMENT_TARGET = 8.4;
				MTL_ENABLE_DEBUG_INFO = YES;
				ONLY_ACTIVE_ARCH = YES;
				SDKROOT = iphoneos;
				SWIFT_OPTIMIZATION_LEVEL = "-Onone";
			};
			name = Debug;
		};
		B2A81EEF1B592A68002265E0 /* Release */ = {
			isa = XCBuildConfiguration;
			buildSettings = {
				ALWAYS_SEARCH_USER_PATHS = NO;
				CLANG_CXX_LANGUAGE_STANDARD = "gnu++0x";
				CLANG_CXX_LIBRARY = "libc++";
				CLANG_ENABLE_MODULES = YES;
				CLANG_ENABLE_OBJC_ARC = YES;
				CLANG_WARN_BOOL_CONVERSION = YES;
				CLANG_WARN_CONSTANT_CONVERSION = YES;
				CLANG_WARN_DIRECT_OBJC_ISA_USAGE = YES_ERROR;
				CLANG_WARN_EMPTY_BODY = YES;
				CLANG_WARN_ENUM_CONVERSION = YES;
				CLANG_WARN_INT_CONVERSION = YES;
				CLANG_WARN_OBJC_ROOT_CLASS = YES_ERROR;
				CLANG_WARN_UNREACHABLE_CODE = YES;
				CLANG_WARN__DUPLICATE_METHOD_MATCH = YES;
				"CODE_SIGN_IDENTITY[sdk=iphoneos*]" = "iPhone Developer";
				COPY_PHASE_STRIP = NO;
				DEBUG_INFORMATION_FORMAT = "dwarf-with-dsym";
				ENABLE_NS_ASSERTIONS = NO;
				ENABLE_STRICT_OBJC_MSGSEND = YES;
				GCC_C_LANGUAGE_STANDARD = gnu99;
				GCC_NO_COMMON_BLOCKS = YES;
				GCC_WARN_64_TO_32_BIT_CONVERSION = YES;
				GCC_WARN_ABOUT_RETURN_TYPE = YES_ERROR;
				GCC_WARN_UNDECLARED_SELECTOR = YES;
				GCC_WARN_UNINITIALIZED_AUTOS = YES_AGGRESSIVE;
				GCC_WARN_UNUSED_FUNCTION = YES;
				GCC_WARN_UNUSED_VARIABLE = YES;
				IPHONEOS_DEPLOYMENT_TARGET = 8.4;
				MTL_ENABLE_DEBUG_INFO = NO;
				SDKROOT = iphoneos;
				VALIDATE_PRODUCT = YES;
			};
			name = Release;
		};
		B2A81EF11B592A68002265E0 /* Debug */ = {
			isa = XCBuildConfiguration;
			baseConfigurationReference = 30E8446EB1CCEF9E83029A6A /* Pods-FYIM.debug.xcconfig */;
			buildSettings = {
				ASSETCATALOG_COMPILER_APPICON_NAME = AppIcon;
				CLANG_ENABLE_MODULES = YES;
				INFOPLIST_FILE = FYIM/Info.plist;
				LD_RUNPATH_SEARCH_PATHS = "$(inherited) @executable_path/Frameworks";
				PRODUCT_NAME = "$(TARGET_NAME)";
				SWIFT_OBJC_BRIDGING_HEADER = "FYIM/Module/Message/Model/FYIM-Bridging-Header.h";
				SWIFT_OPTIMIZATION_LEVEL = "-Onone";
			};
			name = Debug;
		};
		B2A81EF21B592A68002265E0 /* Release */ = {
			isa = XCBuildConfiguration;
			baseConfigurationReference = 3017EA858207A59CAC7AFE9E /* Pods-FYIM.release.xcconfig */;
			buildSettings = {
				ASSETCATALOG_COMPILER_APPICON_NAME = AppIcon;
				CLANG_ENABLE_MODULES = YES;
				INFOPLIST_FILE = FYIM/Info.plist;
				LD_RUNPATH_SEARCH_PATHS = "$(inherited) @executable_path/Frameworks";
				PRODUCT_NAME = "$(TARGET_NAME)";
				SWIFT_OBJC_BRIDGING_HEADER = "FYIM/Module/Message/Model/FYIM-Bridging-Header.h";
			};
			name = Release;
		};
		B2A81EF41B592A68002265E0 /* Debug */ = {
			isa = XCBuildConfiguration;
			buildSettings = {
				BUNDLE_LOADER = "$(TEST_HOST)";
				FRAMEWORK_SEARCH_PATHS = (
					"$(SDKROOT)/Developer/Library/Frameworks",
					"$(inherited)",
				);
				GCC_PREPROCESSOR_DEFINITIONS = (
					"DEBUG=1",
					"$(inherited)",
				);
				INFOPLIST_FILE = FYIMTests/Info.plist;
				LD_RUNPATH_SEARCH_PATHS = "$(inherited) @executable_path/Frameworks @loader_path/Frameworks";
				PRODUCT_NAME = "$(TARGET_NAME)";
				TEST_HOST = "$(BUILT_PRODUCTS_DIR)/FYIM.app/FYIM";
			};
			name = Debug;
		};
		B2A81EF51B592A68002265E0 /* Release */ = {
			isa = XCBuildConfiguration;
			buildSettings = {
				BUNDLE_LOADER = "$(TEST_HOST)";
				FRAMEWORK_SEARCH_PATHS = (
					"$(SDKROOT)/Developer/Library/Frameworks",
					"$(inherited)",
				);
				INFOPLIST_FILE = FYIMTests/Info.plist;
				LD_RUNPATH_SEARCH_PATHS = "$(inherited) @executable_path/Frameworks @loader_path/Frameworks";
				PRODUCT_NAME = "$(TARGET_NAME)";
				TEST_HOST = "$(BUILT_PRODUCTS_DIR)/FYIM.app/FYIM";
			};
			name = Release;
		};
/* End XCBuildConfiguration section */

/* Begin XCConfigurationList section */
		B2A81ECC1B592A68002265E0 /* Build configuration list for PBXProject "FYIM" */ = {
			isa = XCConfigurationList;
			buildConfigurations = (
				B2A81EEE1B592A68002265E0 /* Debug */,
				B2A81EEF1B592A68002265E0 /* Release */,
			);
			defaultConfigurationIsVisible = 0;
			defaultConfigurationName = Release;
		};
		B2A81EF01B592A68002265E0 /* Build configuration list for PBXNativeTarget "FYIM" */ = {
			isa = XCConfigurationList;
			buildConfigurations = (
				B2A81EF11B592A68002265E0 /* Debug */,
				B2A81EF21B592A68002265E0 /* Release */,
			);
			defaultConfigurationIsVisible = 0;
			defaultConfigurationName = Release;
		};
		B2A81EF31B592A68002265E0 /* Build configuration list for PBXNativeTarget "FYIMTests" */ = {
			isa = XCConfigurationList;
			buildConfigurations = (
				B2A81EF41B592A68002265E0 /* Debug */,
				B2A81EF51B592A68002265E0 /* Release */,
			);
			defaultConfigurationIsVisible = 0;
			defaultConfigurationName = Release;
		};
/* End XCConfigurationList section */
	};
	rootObject = B2A81EC91B592A68002265E0 /* Project object */;
}
